// !$*UTF8*$!
{
	archiveVersion = 1;
	classes = {
	};
	objectVersion = 46;
	objects = {

/* Begin PBXBuildFile section */
		BA77131B1CB633D000F3BB3D /* hashtable.c in Sources */ = {isa = PBXBuildFile; fileRef = BA77131A1CB633D000F3BB3D /* hashtable.c */; };
		BA7713301CB64FF600F3BB3D /* io.c in Sources */ = {isa = PBXBuildFile; fileRef = BA77132F1CB64FF600F3BB3D /* io.c */; };
		BA8F25501CB5FA760070C31C /* main.c in Sources */ = {isa = PBXBuildFile; fileRef = BA8F254F1CB5FA760070C31C /* main.c */; };
		BA8F255B1CB5FAA50070C31C /* hash.o in Frameworks */ = {isa = PBXBuildFile; fileRef = BA8F25561CB5FAA50070C31C /* hash.o */; };
		BA8F255C1CB5FAA50070C31C /* linkedlist.c in Sources */ = {isa = PBXBuildFile; fileRef = BA8F25591CB5FAA50070C31C /* linkedlist.c */; };
/* End PBXBuildFile section */

/* Begin PBXCopyFilesBuildPhase section */
		BA8F254A1CB5FA760070C31C /* CopyFiles */ = {
			isa = PBXCopyFilesBuildPhase;
			buildActionMask = 2147483647;
			dstPath = /usr/share/man/man1/;
			dstSubfolderSpec = 0;
			files = (
			);
			runOnlyForDeploymentPostprocessing = 1;
		};
/* End PBXCopyFilesBuildPhase section */

/* Begin PBXFileReference section */
		BA77131A1CB633D000F3BB3D /* hashtable.c */ = {isa = PBXFileReference; fileEncoding = 4; lastKnownFileType = sourcecode.c.c; name = hashtable.c; path = ../../hashtable.c; sourceTree = "<group>"; };
		BA77132F1CB64FF600F3BB3D /* io.c */ = {isa = PBXFileReference; fileEncoding = 4; lastKnownFileType = sourcecode.c.c; name = io.c; path = ../../io.c; sourceTree = "<group>"; };
		BA8F254C1CB5FA760070C31C /* LAB6 */ = {isa = PBXFileReference; explicitFileType = "compiled.mach-o.executable"; includeInIndex = 0; path = LAB6; sourceTree = BUILT_PRODUCTS_DIR; };
		BA8F254F1CB5FA760070C31C /* main.c */ = {isa = PBXFileReference; lastKnownFileType = sourcecode.c.c; path = main.c; sourceTree = "<group>"; };
		BA8F25561CB5FAA50070C31C /* hash.o */ = {isa = PBXFileReference; lastKnownFileType = "compiled.mach-o.objfile"; name = hash.o; path = ../../hash.o; sourceTree = "<group>"; };
		BA8F25571CB5FAA50070C31C /* hashtable.h */ = {isa = PBXFileReference; fileEncoding = 4; lastKnownFileType = sourcecode.c.h; name = hashtable.h; path = ../../hashtable.h; sourceTree = "<group>"; };
		BA8F25581CB5FAA50070C31C /* io.h */ = {isa = PBXFileReference; fileEncoding = 4; lastKnownFileType = sourcecode.c.h; name = io.h; path = ../../io.h; sourceTree = "<group>"; };
		BA8F25591CB5FAA50070C31C /* linkedlist.c */ = {isa = PBXFileReference; fileEncoding = 4; lastKnownFileType = sourcecode.c.c; name = linkedlist.c; path = ../../linkedlist.c; sourceTree = "<group>"; };
		BA8F255A1CB5FAA50070C31C /* linkedlist.h */ = {isa = PBXFileReference; fileEncoding = 4; lastKnownFileType = sourcecode.c.h; name = linkedlist.h; path = ../../linkedlist.h; sourceTree = "<group>"; };
/* End PBXFileReference section */

/* Begin PBXFrameworksBuildPhase section */
		BA8F25491CB5FA760070C31C /* Frameworks */ = {
			isa = PBXFrameworksBuildPhase;
			buildActionMask = 2147483647;
			files = (
				BA8F255B1CB5FAA50070C31C /* hash.o in Frameworks */,
			);
			runOnlyForDeploymentPostprocessing = 0;
		};
/* End PBXFrameworksBuildPhase section */

/* Begin PBXGroup section */
		BA8F25431CB5FA750070C31C = {
			isa = PBXGroup;
			children = (
				BA8F254E1CB5FA760070C31C /* LAB6 */,
				BA8F254D1CB5FA760070C31C /* Products */,
			);
			sourceTree = "<group>";
		};
		BA8F254D1CB5FA760070C31C /* Products */ = {
			isa = PBXGroup;
			children = (
				BA8F254C1CB5FA760070C31C /* LAB6 */,
			);
			name = Products;
			sourceTree = "<group>";
		};
		BA8F254E1CB5FA760070C31C /* LAB6 */ = {
			isa = PBXGroup;
			children = (
				BA8F254F1CB5FA760070C31C /* main.c */,
				BA8F25561CB5FAA50070C31C /* hash.o */,
				BA8F25571CB5FAA50070C31C /* hashtable.h */,
				BA77132F1CB64FF600F3BB3D /* io.c */,
				BA8F25581CB5FAA50070C31C /* io.h */,
				BA77131A1CB633D000F3BB3D /* hashtable.c */,
				BA8F25591CB5FAA50070C31C /* linkedlist.c */,
				BA8F255A1CB5FAA50070C31C /* linkedlist.h */,
			);
			path = LAB6;
			sourceTree = "<group>";
		};
/* End PBXGroup section */

/* Begin PBXNativeTarget section */
		BA8F254B1CB5FA760070C31C /* LAB6 */ = {
			isa = PBXNativeTarget;
			buildConfigurationList = BA8F25531CB5FA760070C31C /* Build configuration list for PBXNativeTarget "LAB6" */;
			buildPhases = (
				BA8F25481CB5FA760070C31C /* Sources */,
				BA8F25491CB5FA760070C31C /* Frameworks */,
				BA8F254A1CB5FA760070C31C /* CopyFiles */,
			);
			buildRules = (
			);
			dependencies = (
			);
			name = LAB6;
			productName = LAB6;
			productReference = BA8F254C1CB5FA760070C31C /* LAB6 */;
			productType = "com.apple.product-type.tool";
		};
/* End PBXNativeTarget section */

/* Begin PBXProject section */
		BA8F25441CB5FA750070C31C /* Project object */ = {
			isa = PBXProject;
			attributes = {
				LastUpgradeCheck = 0730;
				ORGANIZATIONNAME = "henry hoo";
				TargetAttributes = {
					BA8F254B1CB5FA760070C31C = {
						CreatedOnToolsVersion = 7.3;
					};
				};
			};
			buildConfigurationList = BA8F25471CB5FA750070C31C /* Build configuration list for PBXProject "LAB6" */;
			compatibilityVersion = "Xcode 3.2";
			developmentRegion = English;
			hasScannedForEncodings = 0;
			knownRegions = (
				en,
			);
			mainGroup = BA8F25431CB5FA750070C31C;
			productRefGroup = BA8F254D1CB5FA760070C31C /* Products */;
			projectDirPath = "";
			projectRoot = "";
			targets = (
				BA8F254B1CB5FA760070C31C /* LAB6 */,
			);
		};
/* End PBXProject section */

/* Begin PBXSourcesBuildPhase section */
		BA8F25481CB5FA760070C31C /* Sources */ = {
			isa = PBXSourcesBuildPhase;
			buildActionMask = 2147483647;
			files = (
				BA8F255C1CB5FAA50070C31C /* linkedlist.c in Sources */,
				BA7713301CB64FF600F3BB3D /* io.c in Sources */,
				BA8F25501CB5FA760070C31C /* main.c in Sources */,
				BA77131B1CB633D000F3BB3D /* hashtable.c in Sources */,
			);
			runOnlyForDeploymentPostprocessing = 0;
		};
/* End PBXSourcesBuildPhase section */

/* Begin XCBuildConfiguration section */
		BA8F25511CB5FA760070C31C /* Debug */ = {
			isa = XCBuildConfiguration;
			buildSettings = {
				ALWAYS_SEARCH_USER_PATHS = NO;
				CLANG_ANALYZER_NONNULL = YES;
				CLANG_CXX_LANGUAGE_STANDARD = "gnu++0x";
				CLANG_CXX_LIBRARY = "libc++";
				CLANG_ENABLE_MODULES = YES;
				CLANG_ENABLE_OBJC_ARC = YES;
				CLANG_WARN_BOOL_CONVERSION = YES;
				CLANG_WARN_CONSTANT_CONVERSION = YES;
				CLANG_WARN_DIRECT_OBJC_ISA_USAGE = YES_ERROR;
				CLANG_WARN_EMPTY_BODY = YES;
				CLANG_WARN_ENUM_CONVERSION = YES;
				CLANG_WARN_INT_CONVERSION = YES;
				CLANG_WARN_OBJC_ROOT_CLASS = YES_ERROR;
				CLANG_WARN_UNREACHABLE_CODE = YES;
				CLANG_WARN__DUPLICATE_METHOD_MATCH = YES;
				CODE_SIGN_IDENTITY = "-";
				COPY_PHASE_STRIP = NO;
				DEBUG_INFORMATION_FORMAT = dwarf;
				ENABLE_STRICT_OBJC_MSGSEND = YES;
				ENABLE_TESTABILITY = YES;
				GCC_C_LANGUAGE_STANDARD = gnu99;
				GCC_DYNAMIC_NO_PIC = NO;
				GCC_NO_COMMON_BLOCKS = YES;
				GCC_OPTIMIZATION_LEVEL = 0;
				GCC_PREPROCESSOR_DEFINITIONS = (
					"DEBUG=1",
					"$(inherited)",
				);
				GCC_WARN_64_TO_32_BIT_CONVERSION = YES;
				GCC_WARN_ABOUT_RETURN_TYPE = YES_ERROR;
				GCC_WARN_UNDECLARED_SELECTOR = YES;
				GCC_WARN_UNINITIALIZED_AUTOS = YES_AGGRESSIVE;
				GCC_WARN_UNUSED_FUNCTION = YES;
				GCC_WARN_UNUSED_VARIABLE = YES;
				MACOSX_DEPLOYMENT_TARGET = 10.11;
				MTL_ENABLE_DEBUG_INFO = YES;
				ONLY_ACTIVE_ARCH = YES;
				SDKROOT = macosx;
			};
			name = Debug;
		};
		BA8F25521CB5FA760070C31C /* Release */ = {
			isa = XCBuildConfiguration;
			buildSettings = {
				ALWAYS_SEARCH_USER_PATHS = NO;
				CLANG_ANALYZER_NONNULL = YES;
				CLANG_CXX_LANGUAGE_STANDARD = "gnu++0x";
				CLANG_CXX_LIBRARY = "libc++";
				CLANG_ENABLE_MODULES = YES;
				CLANG_ENABLE_OBJC_ARC = YES;
				CLANG_WARN_BOOL_CONVERSION = YES;
				CLANG_WARN_CONSTANT_CONVERSION = YES;
				CLANG_WARN_DIRECT_OBJC_ISA_USAGE = YES_ERROR;
				CLANG_WARN_EMPTY_BODY = YES;
				CLANG_WARN_ENUM_CONVERSION = YES;
				CLANG_WARN_INT_CONVERSION = YES;
				CLANG_WARN_OBJC_ROOT_CLASS = YES_ERROR;
				CLANG_WARN_UNREACHABLE_CODE = YES;
				CLANG_WARN__DUPLICATE_METHOD_MATCH = YES;
				CODE_SIGN_IDENTITY = "-";
				COPY_PHASE_STRIP = NO;
				DEBUG_INFORMATION_FORMAT = "dwarf-with-dsym";
				ENABLE_NS_ASSERTIONS = NO;
				ENABLE_STRICT_OBJC_MSGSEND = YES;
				GCC_C_LANGUAGE_STANDARD = gnu99;
				GCC_NO_COMMON_BLOCKS = YES;
				GCC_WARN_64_TO_32_BIT_CONVERSION = YES;
				GCC_WARN_ABOUT_RETURN_TYPE = YES_ERROR;
				GCC_WARN_UNDECLARED_SELECTOR = YES;
				GCC_WARN_UNINITIALIZED_AUTOS = YES_AGGRESSIVE;
				GCC_WARN_UNUSED_FUNCTION = YES;
				GCC_WARN_UNUSED_VARIABLE = YES;
				MACOSX_DEPLOYMENT_TARGET = 10.11;
				MTL_ENABLE_DEBUG_INFO = NO;
				SDKROOT = macosx;
			};
			name = Release;
		};
		BA8F25541CB5FA760070C31C /* Debug */ = {
			isa = XCBuildConfiguration;
			buildSettings = {
				ARCHS = "$(ARCHS_STANDARD)";
				GCC_C_LANGUAGE_STANDARD = gnu99;
				PRODUCT_NAME = "$(TARGET_NAME)";
			};
			name = Debug;
		};
		BA8F25551CB5FA760070C31C /* Release */ = {
			isa = XCBuildConfiguration;
			buildSettings = {
				ARCHS = "$(ARCHS_STANDARD)";
				GCC_C_LANGUAGE_STANDARD = gnu99;
				PRODUCT_NAME = "$(TARGET_NAME)";
			};
			name = Release;
		};
/* End XCBuildConfiguration section */

/* Begin XCConfigurationList section */
		BA8F25471CB5FA750070C31C /* Build configuration list for PBXProject "LAB6" */ = {
			isa = XCConfigurationList;
			buildConfigurations = (
				BA8F25511CB5FA760070C31C /* Debug */,
				BA8F25521CB5FA760070C31C /* Release */,
			);
			defaultConfigurationIsVisible = 0;
			defaultConfigurationName = Release;
		};
		BA8F25531CB5FA760070C31C /* Build configuration list for PBXNativeTarget "LAB6" */ = {
			isa = XCConfigurationList;
			buildConfigurations = (
				BA8F25541CB5FA760070C31C /* Debug */,
				BA8F25551CB5FA760070C31C /* Release */,
			);
			defaultConfigurationIsVisible = 0;
			defaultConfigurationName = Release;
		};
/* End XCConfigurationList section */
	};
	rootObject = BA8F25441CB5FA750070C31C /* Project object */;
}
